
Microsoft Visual Studio Solution File, Format Version 12.00
# Visual Studio 15
VisualStudioVersion = 15.0.28010.2046
MinimumVisualStudioVersion = 10.0.40219.1
Project("{FAE04EC0-301F-11D3-BF4B-00C04F79EFBC}") = "SamuraiApp.Domain", "SamuraiApp.Domain\SamuraiApp.Domain.csproj", "{C586AE9D-1F89-4480-8745-76111D238E6D}"
EndProject
Project("{FAE04EC0-301F-11D3-BF4B-00C04F79EFBC}") = "SamuraiApp.Data", "SamuraiApp.Data\SamuraiApp.Data.csproj", "{516EAF0D-89D2-4904-9474-1284A89B0DE5}"
EndProject
Project("{9A19103F-16F7-4668-BE54-9A1E7A4F7556}") = "SamuraiApp.Tests", "SamuraiApp.Tests\SamuraiApp.Tests.csproj", "{1234C6AC-6571-468A-B532-3E20D709C436}"
EndProject
Project("{FAE04EC0-301F-11D3-BF4B-00C04F79EFBC}") = "SomeUI", "SomeUI\SomeUI.csproj", "{20A73B90-D14F-40B7-9FFA-A3742DA6167A}"
EndProject
Global
	GlobalSection(SolutionConfigurationPlatforms) = preSolution
		Debug|Any CPU = Debug|Any CPU
		Release|Any CPU = Release|Any CPU
	EndGlobalSection
	GlobalSection(ProjectConfigurationPlatforms) = postSolution
		{C586AE9D-1F89-4480-8745-76111D238E6D}.Debug|Any CPU.ActiveCfg = Debug|Any CPU
		{C586AE9D-1F89-4480-8745-76111D238E6D}.Debug|Any CPU.Build.0 = Debug|Any CPU
		{C586AE9D-1F89-4480-8745-76111D238E6D}.Release|Any CPU.ActiveCfg = Release|Any CPU
		{C586AE9D-1F89-4480-8745-76111D238E6D}.Release|Any CPU.Build.0 = Release|Any CPU
		{516EAF0D-89D2-4904-9474-1284A89B0DE5}.Debug|Any CPU.ActiveCfg = Debug|Any CPU
		{516EAF0D-89D2-4904-9474-1284A89B0DE5}.Debug|Any CPU.Build.0 = Debug|Any CPU
		{516EAF0D-89D2-4904-9474-1284A89B0DE5}.Release|Any CPU.ActiveCfg = Release|Any CPU
		{516EAF0D-89D2-4904-9474-1284A89B0DE5}.Release|Any CPU.Build.0 = Release|Any CPU
		{1234C6AC-6571-468A-B532-3E20D709C436}.Debug|Any CPU.ActiveCfg = Debug|Any CPU
		{1234C6AC-6571-468A-B532-3E20D709C436}.Debug|Any CPU.Build.0 = Debug|Any CPU
		{1234C6AC-6571-468A-B532-3E20D709C436}.Release|Any CPU.ActiveCfg = Release|Any CPU
		{1234C6AC-6571-468A-B532-3E20D709C436}.Release|Any CPU.Build.0 = Release|Any CPU
		{20A73B90-D14F-40B7-9FFA-A3742DA6167A}.Debug|Any CPU.ActiveCfg = Debug|Any CPU
		{20A73B90-D14F-40B7-9FFA-A3742DA6167A}.Debug|Any CPU.Build.0 = Debug|Any CPU
		{20A73B90-D14F-40B7-9FFA-A3742DA6167A}.Release|Any CPU.ActiveCfg = Release|Any CPU
		{20A73B90-D14F-40B7-9FFA-A3742DA6167A}.Release|Any CPU.Build.0 = Release|Any CPU
	EndGlobalSection
	GlobalSection(SolutionProperties) = preSolution
		HideSolutionNode = FALSE
	EndGlobalSection
	GlobalSection(ExtensibilityGlobals) = postSolution
		SolutionGuid = {9DD49D0B-ABFA-41C5-A8BC-148C1A2A8673}
	EndGlobalSection
EndGlobal
